
Microsoft Visual Studio Solution File, Format Version 12.00
# Visual Studio Version 17
VisualStudioVersion = 17.11.35327.3
MinimumVisualStudioVersion = 10.0.40219.1
Project("{FAE04EC0-301F-11D3-BF4B-00C04F79EFBC}") = "AtividadeSystemIO", "AtividadeSystemIO.csproj", "{CFA8EBB8-32E9-4CFF-9ACF-80E42F715F10}"
EndProject
Global
	GlobalSection(SolutionConfigurationPlatforms) = preSolution
		Debug|Any CPU = Debug|Any CPU
		Release|Any CPU = Release|Any CPU
	EndGlobalSection
	GlobalSection(ProjectConfigurationPlatforms) = postSolution
		{CFA8EBB8-32E9-4CFF-9ACF-80E42F715F10}.Debug|Any CPU.ActiveCfg = Debug|Any CPU
		{CFA8EBB8-32E9-4CFF-9ACF-80E42F715F10}.Debug|Any CPU.Build.0 = Debug|Any CPU
		{CFA8EBB8-32E9-4CFF-9ACF-80E42F715F10}.Release|Any CPU.ActiveCfg = Release|Any CPU
		{CFA8EBB8-32E9-4CFF-9ACF-80E42F715F10}.Release|Any CPU.Build.0 = Release|Any CPU
	EndGlobalSection
	GlobalSection(SolutionProperties) = preSolution
		HideSolutionNode = FALSE
	EndGlobalSection
	GlobalSection(ExtensibilityGlobals) = postSolution
		SolutionGuid = {4C2638DF-93FC-4227-B811-775F4E2CE549}
	EndGlobalSection
EndGlobal
